
Microsoft Visual Studio Solution File, Format Version 12.00
# Visual Studio Version 17
VisualStudioVersion = 17.13.35828.75 d17.13
MinimumVisualStudioVersion = 10.0.40219.1
Project("{FAE04EC0-301F-11D3-BF4B-00C04F79EFBC}") = "Quiz4WebApp", "Quiz4WebApp.csproj", "{107A820F-A99A-44CA-9C77-A9A134225F18}"
EndProject
Global
	GlobalSection(SolutionConfigurationPlatforms) = preSolution
		Debug|Any CPU = Debug|Any CPU
		Release|Any CPU = Release|Any CPU
	EndGlobalSection
	GlobalSection(ProjectConfigurationPlatforms) = postSolution
		{107A820F-A99A-44CA-9C77-A9A134225F18}.Debug|Any CPU.ActiveCfg = Debug|Any CPU
		{107A820F-A99A-44CA-9C77-A9A134225F18}.Debug|Any CPU.Build.0 = Debug|Any CPU
		{107A820F-A99A-44CA-9C77-A9A134225F18}.Release|Any CPU.ActiveCfg = Release|Any CPU
		{107A820F-A99A-44CA-9C77-A9A134225F18}.Release|Any CPU.Build.0 = Release|Any CPU
	EndGlobalSection
	GlobalSection(SolutionProperties) = preSolution
		HideSolutionNode = FALSE
	EndGlobalSection
	GlobalSection(ExtensibilityGlobals) = postSolution
		SolutionGuid = {54F15D30-91D6-4F40-9F99-F159CB404CBB}
	EndGlobalSection
EndGlobal
